
Microsoft Visual Studio Solution File, Format Version 12.00
# Visual Studio 14
VisualStudioVersion = 14.0.25420.1
MinimumVisualStudioVersion = 10.0.40219.1
Project("{FAE04EC0-301F-11D3-BF4B-00C04F79EFBC}") = "GameLogic", "GameLogic.csproj", "{9B4E291C-6D98-4449-B8F5-5FCD90839579}"
EndProject
Project("{FAE04EC0-301F-11D3-BF4B-00C04F79EFBC}") = "GameData", "..\GameData\GameData.csproj", "{A7B2C0AD-E4B0-4D8D-8CC1-6F4EDD69A066}"
EndProject
Project("{FAE04EC0-301F-11D3-BF4B-00C04F79EFBC}") = "UI", "..\UI\UI.csproj", "{AA041DF6-C1BB-46E2-AFC1-97CD2DE2F2D4}"
EndProject
Global
	GlobalSection(SolutionConfigurationPlatforms) = preSolution
		Debug|Any CPU = Debug|Any CPU
		Release|Any CPU = Release|Any CPU
	EndGlobalSection
	GlobalSection(ProjectConfigurationPlatforms) = postSolution
		{9B4E291C-6D98-4449-B8F5-5FCD90839579}.Debug|Any CPU.ActiveCfg = Debug|Any CPU
		{9B4E291C-6D98-4449-B8F5-5FCD90839579}.Debug|Any CPU.Build.0 = Debug|Any CPU
		{9B4E291C-6D98-4449-B8F5-5FCD90839579}.Release|Any CPU.ActiveCfg = Release|Any CPU
		{9B4E291C-6D98-4449-B8F5-5FCD90839579}.Release|Any CPU.Build.0 = Release|Any CPU
		{A7B2C0AD-E4B0-4D8D-8CC1-6F4EDD69A066}.Debug|Any CPU.ActiveCfg = Debug|Any CPU
		{A7B2C0AD-E4B0-4D8D-8CC1-6F4EDD69A066}.Debug|Any CPU.Build.0 = Debug|Any CPU
		{A7B2C0AD-E4B0-4D8D-8CC1-6F4EDD69A066}.Release|Any CPU.ActiveCfg = Release|Any CPU
		{A7B2C0AD-E4B0-4D8D-8CC1-6F4EDD69A066}.Release|Any CPU.Build.0 = Release|Any CPU
		{AA041DF6-C1BB-46E2-AFC1-97CD2DE2F2D4}.Debug|Any CPU.ActiveCfg = Debug|Any CPU
		{AA041DF6-C1BB-46E2-AFC1-97CD2DE2F2D4}.Debug|Any CPU.Build.0 = Debug|Any CPU
		{AA041DF6-C1BB-46E2-AFC1-97CD2DE2F2D4}.Release|Any CPU.ActiveCfg = Release|Any CPU
		{AA041DF6-C1BB-46E2-AFC1-97CD2DE2F2D4}.Release|Any CPU.Build.0 = Release|Any CPU
	EndGlobalSection
	GlobalSection(SolutionProperties) = preSolution
		HideSolutionNode = FALSE
	EndGlobalSection
EndGlobal
